
Microsoft Visual Studio Solution File, Format Version 12.00
# Visual Studio Version 16
VisualStudioVersion = 16.0.30114.105
MinimumVisualStudioVersion = 10.0.40219.1
Project("{FAE04EC0-301F-11D3-BF4B-00C04F79EFBC}") = "Gradebook2", "Gradebook2.csproj", "{D1CEF37E-9320-449E-BD9B-4C0E2E3F4030}"
EndProject
Global
	GlobalSection(SolutionConfigurationPlatforms) = preSolution
		Debug|Any CPU = Debug|Any CPU
		Release|Any CPU = Release|Any CPU
	EndGlobalSection
	GlobalSection(ProjectConfigurationPlatforms) = postSolution
		{D1CEF37E-9320-449E-BD9B-4C0E2E3F4030}.Debug|Any CPU.ActiveCfg = Debug|Any CPU
		{D1CEF37E-9320-449E-BD9B-4C0E2E3F4030}.Debug|Any CPU.Build.0 = Debug|Any CPU
		{D1CEF37E-9320-449E-BD9B-4C0E2E3F4030}.Release|Any CPU.ActiveCfg = Release|Any CPU
		{D1CEF37E-9320-449E-BD9B-4C0E2E3F4030}.Release|Any CPU.Build.0 = Release|Any CPU
	EndGlobalSection
	GlobalSection(SolutionProperties) = preSolution
		HideSolutionNode = FALSE
	EndGlobalSection
	GlobalSection(ExtensibilityGlobals) = postSolution
		SolutionGuid = {8F36E0F1-BA9A-4C70-A80A-5A3214684AA4}
	EndGlobalSection
EndGlobal
